
Microsoft Visual Studio Solution File, Format Version 11.00
# Visual Studio 2010
Project("{FAE04EC0-301F-11D3-BF4B-00C04F79EFBC}") = "Assembly-CSharp", "Assembly-CSharp.csproj", "{f12a21a5-9a35-871a-24fa-038aafde8c9d}"
EndProject
Project("{FAE04EC0-301F-11D3-BF4B-00C04F79EFBC}") = "Assembly-CSharp-Editor", "Assembly-CSharp-Editor.csproj", "{d05a3f94-6249-c38f-8062-0f28567ed80b}"
EndProject
Global
	GlobalSection(SolutionConfigurationPlatforms) = preSolution
		Debug|Any CPU = Debug|Any CPU
		Release|Any CPU = Release|Any CPU
	EndGlobalSection
	GlobalSection(ProjectConfigurationPlatforms) = postSolution
		{f12a21a5-9a35-871a-24fa-038aafde8c9d}.Debug|Any CPU.ActiveCfg = Debug|Any CPU
		{f12a21a5-9a35-871a-24fa-038aafde8c9d}.Debug|Any CPU.Build.0 = Debug|Any CPU
		{f12a21a5-9a35-871a-24fa-038aafde8c9d}.Release|Any CPU.ActiveCfg = Release|Any CPU
		{f12a21a5-9a35-871a-24fa-038aafde8c9d}.Release|Any CPU.Build.0 = Release|Any CPU
		{d05a3f94-6249-c38f-8062-0f28567ed80b}.Debug|Any CPU.ActiveCfg = Debug|Any CPU
		{d05a3f94-6249-c38f-8062-0f28567ed80b}.Debug|Any CPU.Build.0 = Debug|Any CPU
		{d05a3f94-6249-c38f-8062-0f28567ed80b}.Release|Any CPU.ActiveCfg = Release|Any CPU
		{d05a3f94-6249-c38f-8062-0f28567ed80b}.Release|Any CPU.Build.0 = Release|Any CPU
	EndGlobalSection
	GlobalSection(SolutionProperties) = preSolution
		HideSolutionNode = FALSE
	EndGlobalSection
EndGlobal
